
Microsoft Visual Studio Solution File, Format Version 12.00
# Visual Studio 15
VisualStudioVersion = 15.0.26228.4
MinimumVisualStudioVersion = 10.0.40219.1
Project("{FAE04EC0-301F-11D3-BF4B-00C04F79EFBC}") = "CamareSampleXamarin.Android", "CamareSampleXamarin\CamareSampleXamarin.Android\CamareSampleXamarin.Android.csproj", "{DEAA5F81-CDB6-4B35-824B-C782E4960880}"
EndProject
Project("{FAE04EC0-301F-11D3-BF4B-00C04F79EFBC}") = "CamareSampleXamarin", "CamareSampleXamarin\CamareSampleXamarin\CamareSampleXamarin.csproj", "{76DBE0FD-51C6-46E3-B367-7FD584F0ECCE}"
EndProject
Project("{FAE04EC0-301F-11D3-BF4B-00C04F79EFBC}") = "CamareSampleXamarin.UWP", "CamareSampleXamarin\CamareSampleXamarin.UWP\CamareSampleXamarin.UWP.csproj", "{DACB4C6B-3FDD-492B-BDDB-214B50D77563}"
EndProject
Project("{FAE04EC0-301F-11D3-BF4B-00C04F79EFBC}") = "CamareSampleXamarin.iOS", "CamareSampleXamarin\CamareSampleXamarin.iOS\CamareSampleXamarin.iOS.csproj", "{4BB1EB75-6EF4-4E89-8C95-FB1FB32AE08F}"
EndProject
Global
	GlobalSection(SolutionConfigurationPlatforms) = preSolution
		Ad-Hoc|Any CPU = Ad-Hoc|Any CPU
		Ad-Hoc|ARM = Ad-Hoc|ARM
		Ad-Hoc|iPhone = Ad-Hoc|iPhone
		Ad-Hoc|iPhoneSimulator = Ad-Hoc|iPhoneSimulator
		Ad-Hoc|x64 = Ad-Hoc|x64
		Ad-Hoc|x86 = Ad-Hoc|x86
		AppStore|Any CPU = AppStore|Any CPU
		AppStore|ARM = AppStore|ARM
		AppStore|iPhone = AppStore|iPhone
		AppStore|iPhoneSimulator = AppStore|iPhoneSimulator
		AppStore|x64 = AppStore|x64
		AppStore|x86 = AppStore|x86
		Debug|Any CPU = Debug|Any CPU
		Debug|ARM = Debug|ARM
		Debug|iPhone = Debug|iPhone
		Debug|iPhoneSimulator = Debug|iPhoneSimulator
		Debug|x64 = Debug|x64
		Debug|x86 = Debug|x86
		Release|Any CPU = Release|Any CPU
		Release|ARM = Release|ARM
		Release|iPhone = Release|iPhone
		Release|iPhoneSimulator = Release|iPhoneSimulator
		Release|x64 = Release|x64
		Release|x86 = Release|x86
	EndGlobalSection
	GlobalSection(ProjectConfigurationPlatforms) = postSolution
		{DEAA5F81-CDB6-4B35-824B-C782E4960880}.Ad-Hoc|Any CPU.ActiveCfg = Release|Any CPU
		{DEAA5F81-CDB6-4B35-824B-C782E4960880}.Ad-Hoc|Any CPU.Build.0 = Release|Any CPU
		{DEAA5F81-CDB6-4B35-824B-C782E4960880}.Ad-Hoc|Any CPU.Deploy.0 = Release|Any CPU
		{DEAA5F81-CDB6-4B35-824B-C782E4960880}.Ad-Hoc|ARM.ActiveCfg = Release|Any CPU
		{DEAA5F81-CDB6-4B35-824B-C782E4960880}.Ad-Hoc|ARM.Build.0 = Release|Any CPU
		{DEAA5F81-CDB6-4B35-824B-C782E4960880}.Ad-Hoc|ARM.Deploy.0 = Release|Any CPU
		{DEAA5F81-CDB6-4B35-824B-C782E4960880}.Ad-Hoc|iPhone.ActiveCfg = Release|Any CPU
		{DEAA5F81-CDB6-4B35-824B-C782E4960880}.Ad-Hoc|iPhone.Build.0 = Release|Any CPU
		{DEAA5F81-CDB6-4B35-824B-C782E4960880}.Ad-Hoc|iPhone.Deploy.0 = Release|Any CPU
		{DEAA5F81-CDB6-4B35-824B-C782E4960880}.Ad-Hoc|iPhoneSimulator.ActiveCfg = Release|Any CPU
		{DEAA5F81-CDB6-4B35-824B-C782E4960880}.Ad-Hoc|iPhoneSimulator.Build.0 = Release|Any CPU
		{DEAA5F81-CDB6-4B35-824B-C782E4960880}.Ad-Hoc|iPhoneSimulator.Deploy.0 = Release|Any CPU
		{DEAA5F81-CDB6-4B35-824B-C782E4960880}.Ad-Hoc|x64.ActiveCfg = Release|Any CPU
		{DEAA5F81-CDB6-4B35-824B-C782E4960880}.Ad-Hoc|x64.Build.0 = Release|Any CPU
		{DEAA5F81-CDB6-4B35-824B-C782E4960880}.Ad-Hoc|x64.Deploy.0 = Release|Any CPU
		{DEAA5F81-CDB6-4B35-824B-C782E4960880}.Ad-Hoc|x86.ActiveCfg = Release|Any CPU
		{DEAA5F81-CDB6-4B35-824B-C782E4960880}.Ad-Hoc|x86.Build.0 = Release|Any CPU
		{DEAA5F81-CDB6-4B35-824B-C782E4960880}.Ad-Hoc|x86.Deploy.0 = Release|Any CPU
		{DEAA5F81-CDB6-4B35-824B-C782E4960880}.AppStore|Any CPU.ActiveCfg = Release|Any CPU
		{DEAA5F81-CDB6-4B35-824B-C782E4960880}.AppStore|Any CPU.Build.0 = Release|Any CPU
		{DEAA5F81-CDB6-4B35-824B-C782E4960880}.AppStore|Any CPU.Deploy.0 = Release|Any CPU
		{DEAA5F81-CDB6-4B35-824B-C782E4960880}.AppStore|ARM.ActiveCfg = Release|Any CPU
		{DEAA5F81-CDB6-4B35-824B-C782E4960880}.AppStore|ARM.Build.0 = Release|Any CPU
		{DEAA5F81-CDB6-4B35-824B-C782E4960880}.AppStore|ARM.Deploy.0 = Release|Any CPU
		{DEAA5F81-CDB6-4B35-824B-C782E4960880}.AppStore|iPhone.ActiveCfg = Release|Any CPU
		{DEAA5F81-CDB6-4B35-824B-C782E4960880}.AppStore|iPhone.Build.0 = Release|Any CPU
		{DEAA5F81-CDB6-4B35-824B-C782E4960880}.AppStore|iPhone.Deploy.0 = Release|Any CPU
		{DEAA5F81-CDB6-4B35-824B-C782E4960880}.AppStore|iPhoneSimulator.ActiveCfg = Release|Any CPU
		{DEAA5F81-CDB6-4B35-824B-C782E4960880}.AppStore|iPhoneSimulator.Build.0 = Release|Any CPU
		{DEAA5F81-CDB6-4B35-824B-C782E4960880}.AppStore|iPhoneSimulator.Deploy.0 = Release|Any CPU
		{DEAA5F81-CDB6-4B35-824B-C782E4960880}.AppStore|x64.ActiveCfg = Release|Any CPU
		{DEAA5F81-CDB6-4B35-824B-C782E4960880}.AppStore|x64.Build.0 = Release|Any CPU
		{DEAA5F81-CDB6-4B35-824B-C782E4960880}.AppStore|x64.Deploy.0 = Release|Any CPU
		{DEAA5F81-CDB6-4B35-824B-C782E4960880}.AppStore|x86.ActiveCfg = Release|Any CPU
		{DEAA5F81-CDB6-4B35-824B-C782E4960880}.AppStore|x86.Build.0 = Release|Any CPU
		{DEAA5F81-CDB6-4B35-824B-C782E4960880}.AppStore|x86.Deploy.0 = Release|Any CPU
		{DEAA5F81-CDB6-4B35-824B-C782E4960880}.Debug|Any CPU.ActiveCfg = Debug|Any CPU
		{DEAA5F81-CDB6-4B35-824B-C782E4960880}.Debug|Any CPU.Build.0 = Debug|Any CPU
		{DEAA5F81-CDB6-4B35-824B-C782E4960880}.Debug|Any CPU.Deploy.0 = Debug|Any CPU
		{DEAA5F81-CDB6-4B35-824B-C782E4960880}.Debug|ARM.ActiveCfg = Debug|Any CPU
		{DEAA5F81-CDB6-4B35-824B-C782E4960880}.Debug|ARM.Build.0 = Debug|Any CPU
		{DEAA5F81-CDB6-4B35-824B-C782E4960880}.Debug|ARM.Deploy.0 = Debug|Any CPU
		{DEAA5F81-CDB6-4B35-824B-C782E4960880}.Debug|iPhone.ActiveCfg = Debug|Any CPU
		{DEAA5F81-CDB6-4B35-824B-C782E4960880}.Debug|iPhone.Build.0 = Debug|Any CPU
		{DEAA5F81-CDB6-4B35-824B-C782E4960880}.Debug|iPhone.Deploy.0 = Debug|Any CPU
		{DEAA5F81-CDB6-4B35-824B-C782E4960880}.Debug|iPhoneSimulator.ActiveCfg = Debug|Any CPU
		{DEAA5F81-CDB6-4B35-824B-C782E4960880}.Debug|iPhoneSimulator.Build.0 = Debug|Any CPU
		{DEAA5F81-CDB6-4B35-824B-C782E4960880}.Debug|iPhoneSimulator.Deploy.0 = Debug|Any CPU
		{DEAA5F81-CDB6-4B35-824B-C782E4960880}.Debug|x64.ActiveCfg = Debug|Any CPU
		{DEAA5F81-CDB6-4B35-824B-C782E4960880}.Debug|x64.Build.0 = Debug|Any CPU
		{DEAA5F81-CDB6-4B35-824B-C782E4960880}.Debug|x64.Deploy.0 = Debug|Any CPU
		{DEAA5F81-CDB6-4B35-824B-C782E4960880}.Debug|x86.ActiveCfg = Debug|Any CPU
		{DEAA5F81-CDB6-4B35-824B-C782E4960880}.Debug|x86.Build.0 = Debug|Any CPU
		{DEAA5F81-CDB6-4B35-824B-C782E4960880}.Debug|x86.Deploy.0 = Debug|Any CPU
		{DEAA5F81-CDB6-4B35-824B-C782E4960880}.Release|Any CPU.ActiveCfg = Release|Any CPU
		{DEAA5F81-CDB6-4B35-824B-C782E4960880}.Release|Any CPU.Build.0 = Release|Any CPU
		{DEAA5F81-CDB6-4B35-824B-C782E4960880}.Release|Any CPU.Deploy.0 = Release|Any CPU
		{DEAA5F81-CDB6-4B35-824B-C782E4960880}.Release|ARM.ActiveCfg = Release|Any CPU
		{DEAA5F81-CDB6-4B35-824B-C782E4960880}.Release|ARM.Build.0 = Release|Any CPU
		{DEAA5F81-CDB6-4B35-824B-C782E4960880}.Release|ARM.Deploy.0 = Release|Any CPU
		{DEAA5F81-CDB6-4B35-824B-C782E4960880}.Release|iPhone.ActiveCfg = Release|Any CPU
		{DEAA5F81-CDB6-4B35-824B-C782E4960880}.Release|iPhone.Build.0 = Release|Any CPU
		{DEAA5F81-CDB6-4B35-824B-C782E4960880}.Release|iPhone.Deploy.0 = Release|Any CPU
		{DEAA5F81-CDB6-4B35-824B-C782E4960880}.Release|iPhoneSimulator.ActiveCfg = Release|Any CPU
		{DEAA5F81-CDB6-4B35-824B-C782E4960880}.Release|iPhoneSimulator.Build.0 = Release|Any CPU
		{DEAA5F81-CDB6-4B35-824B-C782E4960880}.Release|iPhoneSimulator.Deploy.0 = Release|Any CPU
		{DEAA5F81-CDB6-4B35-824B-C782E4960880}.Release|x64.ActiveCfg = Release|Any CPU
		{DEAA5F81-CDB6-4B35-824B-C782E4960880}.Release|x64.Build.0 = Release|Any CPU
		{DEAA5F81-CDB6-4B35-824B-C782E4960880}.Release|x64.Deploy.0 = Release|Any CPU
		{DEAA5F81-CDB6-4B35-824B-C782E4960880}.Release|x86.ActiveCfg = Release|Any CPU
		{DEAA5F81-CDB6-4B35-824B-C782E4960880}.Release|x86.Build.0 = Release|Any CPU
		{DEAA5F81-CDB6-4B35-824B-C782E4960880}.Release|x86.Deploy.0 = Release|Any CPU
		{76DBE0FD-51C6-46E3-B367-7FD584F0ECCE}.Ad-Hoc|Any CPU.ActiveCfg = Release|Any CPU
		{76DBE0FD-51C6-46E3-B367-7FD584F0ECCE}.Ad-Hoc|Any CPU.Build.0 = Release|Any CPU
		{76DBE0FD-51C6-46E3-B367-7FD584F0ECCE}.Ad-Hoc|ARM.ActiveCfg = Release|Any CPU
		{76DBE0FD-51C6-46E3-B367-7FD584F0ECCE}.Ad-Hoc|ARM.Build.0 = Release|Any CPU
		{76DBE0FD-51C6-46E3-B367-7FD584F0ECCE}.Ad-Hoc|iPhone.ActiveCfg = Release|Any CPU
		{76DBE0FD-51C6-46E3-B367-7FD584F0ECCE}.Ad-Hoc|iPhone.Build.0 = Release|Any CPU
		{76DBE0FD-51C6-46E3-B367-7FD584F0ECCE}.Ad-Hoc|iPhoneSimulator.ActiveCfg = Release|Any CPU
		{76DBE0FD-51C6-46E3-B367-7FD584F0ECCE}.Ad-Hoc|iPhoneSimulator.Build.0 = Release|Any CPU
		{76DBE0FD-51C6-46E3-B367-7FD584F0ECCE}.Ad-Hoc|x64.ActiveCfg = Release|Any CPU
		{76DBE0FD-51C6-46E3-B367-7FD584F0ECCE}.Ad-Hoc|x64.Build.0 = Release|Any CPU
		{76DBE0FD-51C6-46E3-B367-7FD584F0ECCE}.Ad-Hoc|x86.ActiveCfg = Release|Any CPU
		{76DBE0FD-51C6-46E3-B367-7FD584F0ECCE}.Ad-Hoc|x86.Build.0 = Release|Any CPU
		{76DBE0FD-51C6-46E3-B367-7FD584F0ECCE}.AppStore|Any CPU.ActiveCfg = Release|Any CPU
		{76DBE0FD-51C6-46E3-B367-7FD584F0ECCE}.AppStore|Any CPU.Build.0 = Release|Any CPU
		{76DBE0FD-51C6-46E3-B367-7FD584F0ECCE}.AppStore|ARM.ActiveCfg = Release|Any CPU
		{76DBE0FD-51C6-46E3-B367-7FD584F0ECCE}.AppStore|ARM.Build.0 = Release|Any CPU
		{76DBE0FD-51C6-46E3-B367-7FD584F0ECCE}.AppStore|iPhone.ActiveCfg = Release|Any CPU
		{76DBE0FD-51C6-46E3-B367-7FD584F0ECCE}.AppStore|iPhone.Build.0 = Release|Any CPU
		{76DBE0FD-51C6-46E3-B367-7FD584F0ECCE}.AppStore|iPhoneSimulator.ActiveCfg = Release|Any CPU
		{76DBE0FD-51C6-46E3-B367-7FD584F0ECCE}.AppStore|iPhoneSimulator.Build.0 = Release|Any CPU
		{76DBE0FD-51C6-46E3-B367-7FD584F0ECCE}.AppStore|x64.ActiveCfg = Release|Any CPU
		{76DBE0FD-51C6-46E3-B367-7FD584F0ECCE}.AppStore|x64.Build.0 = Release|Any CPU
		{76DBE0FD-51C6-46E3-B367-7FD584F0ECCE}.AppStore|x86.ActiveCfg = Release|Any CPU
		{76DBE0FD-51C6-46E3-B367-7FD584F0ECCE}.AppStore|x86.Build.0 = Release|Any CPU
		{76DBE0FD-51C6-46E3-B367-7FD584F0ECCE}.Debug|Any CPU.ActiveCfg = Debug|Any CPU
		{76DBE0FD-51C6-46E3-B367-7FD584F0ECCE}.Debug|Any CPU.Build.0 = Debug|Any CPU
		{76DBE0FD-51C6-46E3-B367-7FD584F0ECCE}.Debug|ARM.ActiveCfg = Debug|Any CPU
		{76DBE0FD-51C6-46E3-B367-7FD584F0ECCE}.Debug|ARM.Build.0 = Debug|Any CPU
		{76DBE0FD-51C6-46E3-B367-7FD584F0ECCE}.Debug|iPhone.ActiveCfg = Debug|Any CPU
		{76DBE0FD-51C6-46E3-B367-7FD584F0ECCE}.Debug|iPhone.Build.0 = Debug|Any CPU
		{76DBE0FD-51C6-46E3-B367-7FD584F0ECCE}.Debug|iPhoneSimulator.ActiveCfg = Debug|Any CPU
		{76DBE0FD-51C6-46E3-B367-7FD584F0ECCE}.Debug|iPhoneSimulator.Build.0 = Debug|Any CPU
		{76DBE0FD-51C6-46E3-B367-7FD584F0ECCE}.Debug|x64.ActiveCfg = Debug|Any CPU
		{76DBE0FD-51C6-46E3-B367-7FD584F0ECCE}.Debug|x64.Build.0 = Debug|Any CPU
		{76DBE0FD-51C6-46E3-B367-7FD584F0ECCE}.Debug|x86.ActiveCfg = Debug|Any CPU
		{76DBE0FD-51C6-46E3-B367-7FD584F0ECCE}.Debug|x86.Build.0 = Debug|Any CPU
		{76DBE0FD-51C6-46E3-B367-7FD584F0ECCE}.Release|Any CPU.ActiveCfg = Release|Any CPU
		{76DBE0FD-51C6-46E3-B367-7FD584F0ECCE}.Release|Any CPU.Build.0 = Release|Any CPU
		{76DBE0FD-51C6-46E3-B367-7FD584F0ECCE}.Release|ARM.ActiveCfg = Release|Any CPU
		{76DBE0FD-51C6-46E3-B367-7FD584F0ECCE}.Release|ARM.Build.0 = Release|Any CPU
		{76DBE0FD-51C6-46E3-B367-7FD584F0ECCE}.Release|iPhone.ActiveCfg = Release|Any CPU
		{76DBE0FD-51C6-46E3-B367-7FD584F0ECCE}.Release|iPhone.Build.0 = Release|Any CPU
		{76DBE0FD-51C6-46E3-B367-7FD584F0ECCE}.Release|iPhoneSimulator.ActiveCfg = Release|Any CPU
		{76DBE0FD-51C6-46E3-B367-7FD584F0ECCE}.Release|iPhoneSimulator.Build.0 = Release|Any CPU
		{76DBE0FD-51C6-46E3-B367-7FD584F0ECCE}.Release|x64.ActiveCfg = Release|Any CPU
		{76DBE0FD-51C6-46E3-B367-7FD584F0ECCE}.Release|x64.Build.0 = Release|Any CPU
		{76DBE0FD-51C6-46E3-B367-7FD584F0ECCE}.Release|x86.ActiveCfg = Release|Any CPU
		{76DBE0FD-51C6-46E3-B367-7FD584F0ECCE}.Release|x86.Build.0 = Release|Any CPU
		{DACB4C6B-3FDD-492B-BDDB-214B50D77563}.Ad-Hoc|Any CPU.ActiveCfg = Release|x86
		{DACB4C6B-3FDD-492B-BDDB-214B50D77563}.Ad-Hoc|Any CPU.Build.0 = Release|x86
		{DACB4C6B-3FDD-492B-BDDB-214B50D77563}.Ad-Hoc|Any CPU.Deploy.0 = Release|x86
		{DACB4C6B-3FDD-492B-BDDB-214B50D77563}.Ad-Hoc|ARM.ActiveCfg = Release|ARM
		{DACB4C6B-3FDD-492B-BDDB-214B50D77563}.Ad-Hoc|ARM.Build.0 = Release|ARM
		{DACB4C6B-3FDD-492B-BDDB-214B50D77563}.Ad-Hoc|ARM.Deploy.0 = Release|ARM
		{DACB4C6B-3FDD-492B-BDDB-214B50D77563}.Ad-Hoc|iPhone.ActiveCfg = Release|x86
		{DACB4C6B-3FDD-492B-BDDB-214B50D77563}.Ad-Hoc|iPhone.Build.0 = Release|x86
		{DACB4C6B-3FDD-492B-BDDB-214B50D77563}.Ad-Hoc|iPhone.Deploy.0 = Release|x86
		{DACB4C6B-3FDD-492B-BDDB-214B50D77563}.Ad-Hoc|iPhoneSimulator.ActiveCfg = Release|x86
		{DACB4C6B-3FDD-492B-BDDB-214B50D77563}.Ad-Hoc|iPhoneSimulator.Build.0 = Release|x86
		{DACB4C6B-3FDD-492B-BDDB-214B50D77563}.Ad-Hoc|iPhoneSimulator.Deploy.0 = Release|x86
		{DACB4C6B-3FDD-492B-BDDB-214B50D77563}.Ad-Hoc|x64.ActiveCfg = Release|x64
		{DACB4C6B-3FDD-492B-BDDB-214B50D77563}.Ad-Hoc|x64.Build.0 = Release|x64
		{DACB4C6B-3FDD-492B-BDDB-214B50D77563}.Ad-Hoc|x64.Deploy.0 = Release|x64
		{DACB4C6B-3FDD-492B-BDDB-214B50D77563}.Ad-Hoc|x86.ActiveCfg = Release|x86
		{DACB4C6B-3FDD-492B-BDDB-214B50D77563}.Ad-Hoc|x86.Build.0 = Release|x86
		{DACB4C6B-3FDD-492B-BDDB-214B50D77563}.Ad-Hoc|x86.Deploy.0 = Release|x86
		{DACB4C6B-3FDD-492B-BDDB-214B50D77563}.AppStore|Any CPU.ActiveCfg = Release|x86
		{DACB4C6B-3FDD-492B-BDDB-214B50D77563}.AppStore|Any CPU.Build.0 = Release|x86
		{DACB4C6B-3FDD-492B-BDDB-214B50D77563}.AppStore|Any CPU.Deploy.0 = Release|x86
		{DACB4C6B-3FDD-492B-BDDB-214B50D77563}.AppStore|ARM.ActiveCfg = Release|ARM
		{DACB4C6B-3FDD-492B-BDDB-214B50D77563}.AppStore|ARM.Build.0 = Release|ARM
		{DACB4C6B-3FDD-492B-BDDB-214B50D77563}.AppStore|ARM.Deploy.0 = Release|ARM
		{DACB4C6B-3FDD-492B-BDDB-214B50D77563}.AppStore|iPhone.ActiveCfg = Release|x86
		{DACB4C6B-3FDD-492B-BDDB-214B50D77563}.AppStore|iPhone.Build.0 = Release|x86
		{DACB4C6B-3FDD-492B-BDDB-214B50D77563}.AppStore|iPhone.Deploy.0 = Release|x86
		{DACB4C6B-3FDD-492B-BDDB-214B50D77563}.AppStore|iPhoneSimulator.ActiveCfg = Release|x86
		{DACB4C6B-3FDD-492B-BDDB-214B50D77563}.AppStore|iPhoneSimulator.Build.0 = Release|x86
		{DACB4C6B-3FDD-492B-BDDB-214B50D77563}.AppStore|iPhoneSimulator.Deploy.0 = Release|x86
		{DACB4C6B-3FDD-492B-BDDB-214B50D77563}.AppStore|x64.ActiveCfg = Release|x64
		{DACB4C6B-3FDD-492B-BDDB-214B50D77563}.AppStore|x64.Build.0 = Release|x64
		{DACB4C6B-3FDD-492B-BDDB-214B50D77563}.AppStore|x64.Deploy.0 = Release|x64
		{DACB4C6B-3FDD-492B-BDDB-214B50D77563}.AppStore|x86.ActiveCfg = Release|x86
		{DACB4C6B-3FDD-492B-BDDB-214B50D77563}.AppStore|x86.Build.0 = Release|x86
		{DACB4C6B-3FDD-492B-BDDB-214B50D77563}.AppStore|x86.Deploy.0 = Release|x86
		{DACB4C6B-3FDD-492B-BDDB-214B50D77563}.Debug|Any CPU.ActiveCfg = Debug|x86
		{DACB4C6B-3FDD-492B-BDDB-214B50D77563}.Debug|ARM.ActiveCfg = Debug|ARM
		{DACB4C6B-3FDD-492B-BDDB-214B50D77563}.Debug|ARM.Build.0 = Debug|ARM
		{DACB4C6B-3FDD-492B-BDDB-214B50D77563}.Debug|ARM.Deploy.0 = Debug|ARM
		{DACB4C6B-3FDD-492B-BDDB-214B50D77563}.Debug|iPhone.ActiveCfg = Debug|x86
		{DACB4C6B-3FDD-492B-BDDB-214B50D77563}.Debug|iPhoneSimulator.ActiveCfg = Debug|x86
		{DACB4C6B-3FDD-492B-BDDB-214B50D77563}.Debug|x64.ActiveCfg = Debug|x64
		{DACB4C6B-3FDD-492B-BDDB-214B50D77563}.Debug|x64.Build.0 = Debug|x64
		{DACB4C6B-3FDD-492B-BDDB-214B50D77563}.Debug|x64.Deploy.0 = Debug|x64
		{DACB4C6B-3FDD-492B-BDDB-214B50D77563}.Debug|x86.ActiveCfg = Debug|x86
		{DACB4C6B-3FDD-492B-BDDB-214B50D77563}.Debug|x86.Build.0 = Debug|x86
		{DACB4C6B-3FDD-492B-BDDB-214B50D77563}.Debug|x86.Deploy.0 = Debug|x86
		{DACB4C6B-3FDD-492B-BDDB-214B50D77563}.Release|Any CPU.ActiveCfg = Release|x86
		{DACB4C6B-3FDD-492B-BDDB-214B50D77563}.Release|ARM.ActiveCfg = Release|ARM
		{DACB4C6B-3FDD-492B-BDDB-214B50D77563}.Release|ARM.Build.0 = Release|ARM
		{DACB4C6B-3FDD-492B-BDDB-214B50D77563}.Release|ARM.Deploy.0 = Release|ARM
		{DACB4C6B-3FDD-492B-BDDB-214B50D77563}.Release|iPhone.ActiveCfg = Release|x86
		{DACB4C6B-3FDD-492B-BDDB-214B50D77563}.Release|iPhoneSimulator.ActiveCfg = Release|x86
		{DACB4C6B-3FDD-492B-BDDB-214B50D77563}.Release|x64.ActiveCfg = Release|x64
		{DACB4C6B-3FDD-492B-BDDB-214B50D77563}.Release|x64.Build.0 = Release|x64
		{DACB4C6B-3FDD-492B-BDDB-214B50D77563}.Release|x64.Deploy.0 = Release|x64
		{DACB4C6B-3FDD-492B-BDDB-214B50D77563}.Release|x86.ActiveCfg = Release|x86
		{DACB4C6B-3FDD-492B-BDDB-214B50D77563}.Release|x86.Build.0 = Release|x86
		{DACB4C6B-3FDD-492B-BDDB-214B50D77563}.Release|x86.Deploy.0 = Release|x86
		{4BB1EB75-6EF4-4E89-8C95-FB1FB32AE08F}.Ad-Hoc|Any CPU.ActiveCfg = Ad-Hoc|iPhone
		{4BB1EB75-6EF4-4E89-8C95-FB1FB32AE08F}.Ad-Hoc|ARM.ActiveCfg = Ad-Hoc|iPhone
		{4BB1EB75-6EF4-4E89-8C95-FB1FB32AE08F}.Ad-Hoc|iPhone.ActiveCfg = Ad-Hoc|iPhone
		{4BB1EB75-6EF4-4E89-8C95-FB1FB32AE08F}.Ad-Hoc|iPhone.Build.0 = Ad-Hoc|iPhone
		{4BB1EB75-6EF4-4E89-8C95-FB1FB32AE08F}.Ad-Hoc|iPhoneSimulator.ActiveCfg = Ad-Hoc|iPhoneSimulator
		{4BB1EB75-6EF4-4E89-8C95-FB1FB32AE08F}.Ad-Hoc|iPhoneSimulator.Build.0 = Ad-Hoc|iPhoneSimulator
		{4BB1EB75-6EF4-4E89-8C95-FB1FB32AE08F}.Ad-Hoc|x64.ActiveCfg = Ad-Hoc|iPhone
		{4BB1EB75-6EF4-4E89-8C95-FB1FB32AE08F}.Ad-Hoc|x86.ActiveCfg = Ad-Hoc|iPhone
		{4BB1EB75-6EF4-4E89-8C95-FB1FB32AE08F}.AppStore|Any CPU.ActiveCfg = AppStore|iPhone
		{4BB1EB75-6EF4-4E89-8C95-FB1FB32AE08F}.AppStore|ARM.ActiveCfg = AppStore|iPhone
		{4BB1EB75-6EF4-4E89-8C95-FB1FB32AE08F}.AppStore|iPhone.ActiveCfg = AppStore|iPhone
		{4BB1EB75-6EF4-4E89-8C95-FB1FB32AE08F}.AppStore|iPhone.Build.0 = AppStore|iPhone
		{4BB1EB75-6EF4-4E89-8C95-FB1FB32AE08F}.AppStore|iPhoneSimulator.ActiveCfg = AppStore|iPhoneSimulator
		{4BB1EB75-6EF4-4E89-8C95-FB1FB32AE08F}.AppStore|iPhoneSimulator.Build.0 = AppStore|iPhoneSimulator
		{4BB1EB75-6EF4-4E89-8C95-FB1FB32AE08F}.AppStore|x64.ActiveCfg = AppStore|iPhone
		{4BB1EB75-6EF4-4E89-8C95-FB1FB32AE08F}.AppStore|x86.ActiveCfg = AppStore|iPhone
		{4BB1EB75-6EF4-4E89-8C95-FB1FB32AE08F}.Debug|Any CPU.ActiveCfg = Debug|iPhone
		{4BB1EB75-6EF4-4E89-8C95-FB1FB32AE08F}.Debug|ARM.ActiveCfg = Debug|iPhone
		{4BB1EB75-6EF4-4E89-8C95-FB1FB32AE08F}.Debug|iPhone.ActiveCfg = Debug|iPhone
		{4BB1EB75-6EF4-4E89-8C95-FB1FB32AE08F}.Debug|iPhone.Build.0 = Debug|iPhone
		{4BB1EB75-6EF4-4E89-8C95-FB1FB32AE08F}.Debug|iPhoneSimulator.ActiveCfg = Debug|iPhoneSimulator
		{4BB1EB75-6EF4-4E89-8C95-FB1FB32AE08F}.Debug|iPhoneSimulator.Build.0 = Debug|iPhoneSimulator
		{4BB1EB75-6EF4-4E89-8C95-FB1FB32AE08F}.Debug|x64.ActiveCfg = Debug|iPhone
		{4BB1EB75-6EF4-4E89-8C95-FB1FB32AE08F}.Debug|x86.ActiveCfg = Debug|iPhone
		{4BB1EB75-6EF4-4E89-8C95-FB1FB32AE08F}.Release|Any CPU.ActiveCfg = Release|iPhone
		{4BB1EB75-6EF4-4E89-8C95-FB1FB32AE08F}.Release|ARM.ActiveCfg = Release|iPhone
		{4BB1EB75-6EF4-4E89-8C95-FB1FB32AE08F}.Release|iPhone.ActiveCfg = Release|iPhone
		{4BB1EB75-6EF4-4E89-8C95-FB1FB32AE08F}.Release|iPhone.Build.0 = Release|iPhone
		{4BB1EB75-6EF4-4E89-8C95-FB1FB32AE08F}.Release|iPhoneSimulator.ActiveCfg = Release|iPhoneSimulator
		{4BB1EB75-6EF4-4E89-8C95-FB1FB32AE08F}.Release|iPhoneSimulator.Build.0 = Release|iPhoneSimulator
		{4BB1EB75-6EF4-4E89-8C95-FB1FB32AE08F}.Release|x64.ActiveCfg = Release|iPhone
		{4BB1EB75-6EF4-4E89-8C95-FB1FB32AE08F}.Release|x86.ActiveCfg = Release|iPhone
	EndGlobalSection
	GlobalSection(SolutionProperties) = preSolution
		HideSolutionNode = FALSE
	EndGlobalSection
EndGlobal
